
Microsoft Visual Studio Solution File, Format Version 12.00
# Visual Studio Version 17
VisualStudioVersion = 17.2.32630.192
MinimumVisualStudioVersion = 10.0.40219.1
Project("{9A19103F-16F7-4668-BE54-9A1E7A4F7556}") = "FoodDelivery.ProjectAPI", "Project-API\FoodDelivery.ProjectAPI.csproj", "{CDB9FCF6-0D01-42C7-A468-F797C0E7AE44}"
EndProject
Project("{2150E333-8FDC-42A3-9474-1A3956D46DE8}") = "Solution Items", "Solution Items", "{C00D7193-FC0E-482B-B4A2-1BA58854ED01}"
	ProjectSection(SolutionItems) = preProject
		.editorconfig = .editorconfig
	EndProjectSection
EndProject
Project("{9A19103F-16F7-4668-BE54-9A1E7A4F7556}") = "FoodDelivery.ProjectAPI.Tests", "API-Tests\FoodDelivery.ProjectAPI.Tests.csproj", "{5ABEE16D-9A3B-4022-AEF5-72376E529725}"
EndProject
Global
	GlobalSection(SolutionConfigurationPlatforms) = preSolution
		Debug|Any CPU = Debug|Any CPU
		Release|Any CPU = Release|Any CPU
	EndGlobalSection
	GlobalSection(ProjectConfigurationPlatforms) = postSolution
		{CDB9FCF6-0D01-42C7-A468-F797C0E7AE44}.Debug|Any CPU.ActiveCfg = Debug|Any CPU
		{CDB9FCF6-0D01-42C7-A468-F797C0E7AE44}.Debug|Any CPU.Build.0 = Debug|Any CPU
		{CDB9FCF6-0D01-42C7-A468-F797C0E7AE44}.Release|Any CPU.ActiveCfg = Release|Any CPU
		{CDB9FCF6-0D01-42C7-A468-F797C0E7AE44}.Release|Any CPU.Build.0 = Release|Any CPU
		{5ABEE16D-9A3B-4022-AEF5-72376E529725}.Debug|Any CPU.ActiveCfg = Debug|Any CPU
		{5ABEE16D-9A3B-4022-AEF5-72376E529725}.Debug|Any CPU.Build.0 = Debug|Any CPU
		{5ABEE16D-9A3B-4022-AEF5-72376E529725}.Release|Any CPU.ActiveCfg = Release|Any CPU
		{5ABEE16D-9A3B-4022-AEF5-72376E529725}.Release|Any CPU.Build.0 = Release|Any CPU
	EndGlobalSection
	GlobalSection(SolutionProperties) = preSolution
		HideSolutionNode = FALSE
	EndGlobalSection
	GlobalSection(ExtensibilityGlobals) = postSolution
		SolutionGuid = {A099B72C-E1D4-4B33-B000-41B10840A637}
	EndGlobalSection
EndGlobal
